
Microsoft Visual Studio Solution File, Format Version 12.00
# Visual Studio Version 16
VisualStudioVersion = 16.0.31424.327
MinimumVisualStudioVersion = 10.0.40219.1
Project("{2150E333-8FDC-42A3-9474-1A3956D46DE8}") = "CleanArch.ApplicationCore", "CleanArch.ApplicationCore", "{FAB1D4E0-A9AD-496C-8519-EF4B0CB9F3D1}"
EndProject
Project("{2150E333-8FDC-42A3-9474-1A3956D46DE8}") = "CleanArch.Domain", "CleanArch.Domain", "{8991BC1E-B7F3-4F66-A36E-EF6BF4B9E05C}"
EndProject
Project("{2150E333-8FDC-42A3-9474-1A3956D46DE8}") = "CleanArch.InfraStructure", "CleanArch.InfraStructure", "{DE499CA7-F369-4F7D-9A88-7D270AA8CC3E}"
EndProject
Project("{2150E333-8FDC-42A3-9474-1A3956D46DE8}") = "CleanArch.Data", "CleanArch.Data", "{420E0EAC-B66F-4772-8200-F656F3DE9236}"
EndProject
Project("{2150E333-8FDC-42A3-9474-1A3956D46DE8}") = "CleanArch.UI", "CleanArch.UI", "{BE19EC08-29F4-4B50-9F9C-D48941749A79}"
EndProject
Global
	GlobalSection(SolutionProperties) = preSolution
		HideSolutionNode = FALSE
	EndGlobalSection
	GlobalSection(ExtensibilityGlobals) = postSolution
		SolutionGuid = {21962B5A-7C49-4676-9301-4479BCE40138}
	EndGlobalSection
EndGlobal
